
Microsoft Visual Studio Solution File, Format Version 12.00
# Visual Studio Version 16
VisualStudioVersion = 16.0.31624.102
MinimumVisualStudioVersion = 10.0.40219.1
Project("{FAE04EC0-301F-11D3-BF4B-00C04F79EFBC}") = "Main", "Main\Main.csproj", "{47737FB2-B4EF-4750-BA3F-F0118586C601}"
EndProject
Project("{FAE04EC0-301F-11D3-BF4B-00C04F79EFBC}") = "TestHome", "TestHome\TestHome.csproj", "{7E7D0575-D250-430F-9600-909658805FA3}"
EndProject
Global
	GlobalSection(SolutionConfigurationPlatforms) = preSolution
		Debug|Any CPU = Debug|Any CPU
		Release|Any CPU = Release|Any CPU
	EndGlobalSection
	GlobalSection(ProjectConfigurationPlatforms) = postSolution
		{47737FB2-B4EF-4750-BA3F-F0118586C601}.Debug|Any CPU.ActiveCfg = Debug|Any CPU
		{47737FB2-B4EF-4750-BA3F-F0118586C601}.Debug|Any CPU.Build.0 = Debug|Any CPU
		{47737FB2-B4EF-4750-BA3F-F0118586C601}.Release|Any CPU.ActiveCfg = Release|Any CPU
		{47737FB2-B4EF-4750-BA3F-F0118586C601}.Release|Any CPU.Build.0 = Release|Any CPU
		{7E7D0575-D250-430F-9600-909658805FA3}.Debug|Any CPU.ActiveCfg = Debug|Any CPU
		{7E7D0575-D250-430F-9600-909658805FA3}.Debug|Any CPU.Build.0 = Debug|Any CPU
		{7E7D0575-D250-430F-9600-909658805FA3}.Release|Any CPU.ActiveCfg = Release|Any CPU
		{7E7D0575-D250-430F-9600-909658805FA3}.Release|Any CPU.Build.0 = Release|Any CPU
	EndGlobalSection
	GlobalSection(SolutionProperties) = preSolution
		HideSolutionNode = FALSE
	EndGlobalSection
	GlobalSection(ExtensibilityGlobals) = postSolution
		SolutionGuid = {A93DAA1C-0C4E-4B17-8EC2-6650B252716A}
	EndGlobalSection
EndGlobal
